
Microsoft Visual Studio Solution File, Format Version 12.00
# Visual Studio 15
VisualStudioVersion = 15.0.28307.329
MinimumVisualStudioVersion = 10.0.40219.1
Project("{9A19103F-16F7-4668-BE54-9A1E7A4F7556}") = "Databind.Extensions", "Databind.Extensions\Databind.Extensions.csproj", "{0EE965B9-3FFC-4089-9EE6-D076F258AC10}"
EndProject
Project("{9A19103F-16F7-4668-BE54-9A1E7A4F7556}") = "Databind.Binding", "Databind.Binding\Databind.Binding.csproj", "{4931EBAE-B0AA-474F-86E9-6119943127A0}"
EndProject
Project("{9A19103F-16F7-4668-BE54-9A1E7A4F7556}") = "Databind.Tests", "Databind.Tests\Databind.Tests.csproj", "{AE2D0462-66D0-4A4B-BCD3-62D5D2190AE7}"
EndProject
Project("{FAE04EC0-301F-11D3-BF4B-00C04F79EFBC}") = "Databind.Providers", "Databind.Providers\Databind.Providers.csproj", "{8438DF0C-A4D0-46C1-B471-4C0CFBB97D6F}"
EndProject
Project("{FAE04EC0-301F-11D3-BF4B-00C04F79EFBC}") = "Common.DataProvider.SampleApp", "Common.DataProvider.SampleApp\Common.DataProvider.SampleApp.csproj", "{2F0E3BC6-27F9-47B1-99E0-71A724EF79D7}"
EndProject
Global
	GlobalSection(SolutionConfigurationPlatforms) = preSolution
		Debug|Any CPU = Debug|Any CPU
		Release|Any CPU = Release|Any CPU
	EndGlobalSection
	GlobalSection(ProjectConfigurationPlatforms) = postSolution
		{0EE965B9-3FFC-4089-9EE6-D076F258AC10}.Debug|Any CPU.ActiveCfg = Debug|Any CPU
		{0EE965B9-3FFC-4089-9EE6-D076F258AC10}.Debug|Any CPU.Build.0 = Debug|Any CPU
		{0EE965B9-3FFC-4089-9EE6-D076F258AC10}.Release|Any CPU.ActiveCfg = Release|Any CPU
		{0EE965B9-3FFC-4089-9EE6-D076F258AC10}.Release|Any CPU.Build.0 = Release|Any CPU
		{4931EBAE-B0AA-474F-86E9-6119943127A0}.Debug|Any CPU.ActiveCfg = Debug|Any CPU
		{4931EBAE-B0AA-474F-86E9-6119943127A0}.Debug|Any CPU.Build.0 = Debug|Any CPU
		{4931EBAE-B0AA-474F-86E9-6119943127A0}.Release|Any CPU.ActiveCfg = Release|Any CPU
		{4931EBAE-B0AA-474F-86E9-6119943127A0}.Release|Any CPU.Build.0 = Release|Any CPU
		{AE2D0462-66D0-4A4B-BCD3-62D5D2190AE7}.Debug|Any CPU.ActiveCfg = Debug|Any CPU
		{AE2D0462-66D0-4A4B-BCD3-62D5D2190AE7}.Debug|Any CPU.Build.0 = Debug|Any CPU
		{AE2D0462-66D0-4A4B-BCD3-62D5D2190AE7}.Release|Any CPU.ActiveCfg = Release|Any CPU
		{AE2D0462-66D0-4A4B-BCD3-62D5D2190AE7}.Release|Any CPU.Build.0 = Release|Any CPU
		{8438DF0C-A4D0-46C1-B471-4C0CFBB97D6F}.Debug|Any CPU.ActiveCfg = Debug|Any CPU
		{8438DF0C-A4D0-46C1-B471-4C0CFBB97D6F}.Debug|Any CPU.Build.0 = Debug|Any CPU
		{8438DF0C-A4D0-46C1-B471-4C0CFBB97D6F}.Release|Any CPU.ActiveCfg = Release|Any CPU
		{8438DF0C-A4D0-46C1-B471-4C0CFBB97D6F}.Release|Any CPU.Build.0 = Release|Any CPU
		{2F0E3BC6-27F9-47B1-99E0-71A724EF79D7}.Debug|Any CPU.ActiveCfg = Debug|Any CPU
		{2F0E3BC6-27F9-47B1-99E0-71A724EF79D7}.Debug|Any CPU.Build.0 = Debug|Any CPU
		{2F0E3BC6-27F9-47B1-99E0-71A724EF79D7}.Release|Any CPU.ActiveCfg = Release|Any CPU
		{2F0E3BC6-27F9-47B1-99E0-71A724EF79D7}.Release|Any CPU.Build.0 = Release|Any CPU
	EndGlobalSection
	GlobalSection(SolutionProperties) = preSolution
		HideSolutionNode = FALSE
	EndGlobalSection
	GlobalSection(ExtensibilityGlobals) = postSolution
		SolutionGuid = {E479F8D8-14CD-4394-A5A8-54B78C4A58BF}
	EndGlobalSection
EndGlobal
